# Tested development dependency constraints; use with pip install -c requirements-dev.lock -e ".[dev]".
# Regenerate from an isolated environment using pip freeze --exclude-editable; review before committing.
annotated-types==0.8.0
anyio==4.15.1
certifi==2026.7.22
colorama==0.4.6
h11==0.16.0
httpcore==1.0.9
httpx==0.28.1
idna==3.19
iniconfig==2.3.0
Jinja2==3.1.6
MarkupSafe==3.0.3
nodeenv==1.10.0
packaging==26.3
pluggy==1.6.0
pydantic==2.13.5
pydantic_core==2.46.5
Pygments==2.21.0
pyright==1.1.413
pytest==8.4.2
typing-inspection==0.4.4
typing_extensions==4.16.0
